PODS:
  - CameraManager (5.1.3)
  - SwiftyCam (4.0.0)

DEPENDENCIES:
  - CameraManager
  - SwiftyCam

SPEC REPOS:
  trunk:
    - CameraManager
    - SwiftyCam

SPEC CHECKSUMS:
  CameraManager: 73936a52093081ba5e44914e8120ab511360f5d4
  SwiftyCam: 6e57914771d972fbe508e759dc9d0150a44a93fd

PODFILE CHECKSUM: a12eee1d34d2a77af25b0936c24b07d90c1a29d7

COCOAPODS: 1.11.3
